
Microsoft Visual Studio Solution File, Format Version 12.00
# Visual Studio Version 16
VisualStudioVersion = 16.0.32510.428
MinimumVisualStudioVersion = 10.0.40219.1
Project("{FAE04EC0-301F-11D3-BF4B-00C04F79EFBC}") = "MVC", "MVC\MVC.csproj", "{DD5118C2-F4FA-40E2-9240-2A847518A775}"
EndProject
Project("{FAE04EC0-301F-11D3-BF4B-00C04F79EFBC}") = "DAL", "DAL\DAL.csproj", "{116C6DFA-4CCB-4659-A1EF-65161FD9FAD4}"
EndProject
Project("{FAE04EC0-301F-11D3-BF4B-00C04F79EFBC}") = "BLL", "BLL\BLL.csproj", "{3ED1A2C9-C34B-46B4-8E53-283627061F16}"
EndProject
Project("{FAE04EC0-301F-11D3-BF4B-00C04F79EFBC}") = "Common", "Common\Common.csproj", "{BB6A9A3F-01EB-4E57-99C8-B9F457F3F40E}"
EndProject
Global
	GlobalSection(SolutionConfigurationPlatforms) = preSolution
		Debug|Any CPU = Debug|Any CPU
		Release|Any CPU = Release|Any CPU
	EndGlobalSection
	GlobalSection(ProjectConfigurationPlatforms) = postSolution
		{DD5118C2-F4FA-40E2-9240-2A847518A775}.Debug|Any CPU.ActiveCfg = Debug|Any CPU
		{DD5118C2-F4FA-40E2-9240-2A847518A775}.Debug|Any CPU.Build.0 = Debug|Any CPU
		{DD5118C2-F4FA-40E2-9240-2A847518A775}.Release|Any CPU.ActiveCfg = Release|Any CPU
		{DD5118C2-F4FA-40E2-9240-2A847518A775}.Release|Any CPU.Build.0 = Release|Any CPU
		{116C6DFA-4CCB-4659-A1EF-65161FD9FAD4}.Debug|Any CPU.ActiveCfg = Debug|Any CPU
		{116C6DFA-4CCB-4659-A1EF-65161FD9FAD4}.Debug|Any CPU.Build.0 = Debug|Any CPU
		{116C6DFA-4CCB-4659-A1EF-65161FD9FAD4}.Release|Any CPU.ActiveCfg = Release|Any CPU
		{116C6DFA-4CCB-4659-A1EF-65161FD9FAD4}.Release|Any CPU.Build.0 = Release|Any CPU
		{3ED1A2C9-C34B-46B4-8E53-283627061F16}.Debug|Any CPU.ActiveCfg = Debug|Any CPU
		{3ED1A2C9-C34B-46B4-8E53-283627061F16}.Debug|Any CPU.Build.0 = Debug|Any CPU
		{3ED1A2C9-C34B-46B4-8E53-283627061F16}.Release|Any CPU.ActiveCfg = Release|Any CPU
		{3ED1A2C9-C34B-46B4-8E53-283627061F16}.Release|Any CPU.Build.0 = Release|Any CPU
		{BB6A9A3F-01EB-4E57-99C8-B9F457F3F40E}.Debug|Any CPU.ActiveCfg = Debug|Any CPU
		{BB6A9A3F-01EB-4E57-99C8-B9F457F3F40E}.Debug|Any CPU.Build.0 = Debug|Any CPU
		{BB6A9A3F-01EB-4E57-99C8-B9F457F3F40E}.Release|Any CPU.ActiveCfg = Release|Any CPU
		{BB6A9A3F-01EB-4E57-99C8-B9F457F3F40E}.Release|Any CPU.Build.0 = Release|Any CPU
	EndGlobalSection
	GlobalSection(SolutionProperties) = preSolution
		HideSolutionNode = FALSE
	EndGlobalSection
	GlobalSection(ExtensibilityGlobals) = postSolution
		SolutionGuid = {34280855-88A1-442C-B0A5-29B19A19B764}
	EndGlobalSection
EndGlobal
